<?xml version="1.0" encoding="utf-8"?>
<Project ToolsVersion="4.0" xmlns="http://schemas.microsoft.com/developer/msbuild/2003">
  <ItemGroup>
    <Filter Include="win32">
      <UniqueIdentifier>{84a8ebd7-7cf0-47f6-b75e-d441df67da40}</UniqueIdentifier>
    </Filter>
    <Filter Include="resource">
      <UniqueIdentifier>{715254bc-d70b-4ec5-bf29-467dd3ace079}</UniqueIdentifier>
    </Filter>
    <Filter Include="src">
      <UniqueIdentifier>{bb6c862e-70e9-49d9-81b7-3829a6f50471}</UniqueIdentifier>
    </Filter>
    <Filter Include="src\space">
      <UniqueIdentifier>{1363b031-6119-4e77-b54f-45d95811c78c}</UniqueIdentifier>
    </Filter>
    <Filter Include="src\space\component">
      <UniqueIdentifier>{47b92579-fbff-4cb0-92f9-cbaa69da477e}</UniqueIdentifier>
    </Filter>
  </ItemGroup>
  <ItemGroup>
    <ClCompile Include="main.cpp">
      <Filter>win32</Filter>
    </ClCompile>
    <ClCompile Include="..\Classes\AppDelegate.cpp">
      <Filter>src</Filter>
    </ClCompile>
    <ClCompile Include="..\Classes\space\SpaceScene.cpp">
      <Filter>src\space</Filter>
    </ClCompile>
    <ClCompile Include="..\Classes\space\BKLayer.cpp">
      <Filter>src\space</Filter>
    </ClCompile>
    <ClCompile Include="..\Classes\space\SpaceEntity.cpp">
      <Filter>src\space</Filter>
    </ClCompile>
    <ClCompile Include="..\Classes\space\MainLayer.cpp">
      <Filter>src\space</Filter>
    </ClCompile>
    <ClCompile Include="..\Classes\space\GLES-Render.cpp">
      <Filter>src\space</Filter>
    </ClCompile>
    <ClCompile Include="..\Classes\space\Core.cpp">
      <Filter>src\space</Filter>
    </ClCompile>
    <ClCompile Include="..\Classes\KeycodeDispatcher.cpp">
      <Filter>src</Filter>
    </ClCompile>
    <ClCompile Include="..\Classes\KeycodeListener.cpp">
      <Filter>src</Filter>
    </ClCompile>
    <ClCompile Include="..\Classes\space\component\SpaceComponent.cpp">
      <Filter>src\space\component</Filter>
    </ClCompile>
    <ClCompile Include="..\Classes\space\EntityFactory.cpp">
      <Filter>src\space</Filter>
    </ClCompile>
    <ClCompile Include="..\Classes\space\component\Engine.cpp">
      <Filter>src\space\component</Filter>
    </ClCompile>
  </ItemGroup>
  <ItemGroup>
    <ClInclude Include="main.h">
      <Filter>win32</Filter>
    </ClInclude>
    <ClInclude Include="..\Classes\AppDelegate.h">
      <Filter>src</Filter>
    </ClInclude>
    <ClInclude Include="..\Classes\space\SpaceScene.h">
      <Filter>src\space</Filter>
    </ClInclude>
    <ClInclude Include="..\Classes\space\BKLayer.h">
      <Filter>src\space</Filter>
    </ClInclude>
    <ClInclude Include="..\Classes\space\ZOrder.h">
      <Filter>src\space</Filter>
    </ClInclude>
    <ClInclude Include="..\Classes\space\SpaceEntity.h">
      <Filter>src\space</Filter>
    </ClInclude>
    <ClInclude Include="..\Classes\space\MainLayer.h">
      <Filter>src\space</Filter>
    </ClInclude>
    <ClInclude Include="..\Classes\space\GLES-Render.h">
      <Filter>src\space</Filter>
    </ClInclude>
    <ClInclude Include="..\Classes\space\Core.h">
      <Filter>src\space</Filter>
    </ClInclude>
    <ClInclude Include="..\Classes\Singleton.h">
      <Filter>src</Filter>
    </ClInclude>
    <ClInclude Include="..\Classes\KeycodeDispatcher.h">
      <Filter>src</Filter>
    </ClInclude>
    <ClInclude Include="..\Classes\KeycodeListener.h">
      <Filter>src</Filter>
    </ClInclude>
    <ClInclude Include="..\Classes\space\component\SpaceComponent.h">
      <Filter>src\space\component</Filter>
    </ClInclude>
    <ClInclude Include="..\Classes\space\EntityFactory.h">
      <Filter>src\space</Filter>
    </ClInclude>
    <ClInclude Include="..\Classes\space\component\Engine.h">
      <Filter>src\space\component</Filter>
    </ClInclude>
  </ItemGroup>
  <ItemGroup>
    <ResourceCompile Include="game.rc">
      <Filter>resource</Filter>
    </ResourceCompile>
  </ItemGroup>
</Project>